// !$*UTF8*$!
{
	archiveVersion = 1;
	classes = {
	};
	objectVersion = 50;
	objects = {

/* Begin PBXBuildFile section */
		C479931322236D15008E6550 /* AppDelegate.swift in Sources */ = {isa = PBXBuildFile; fileRef = C479931222236D15008E6550 /* AppDelegate.swift */; };
		C479931522236D15008E6550 /* BibleDetailViewController.swift in Sources */ = {isa = PBXBuildFile; fileRef = C479931422236D15008E6550 /* BibleDetailViewController.swift */; };
		C479931822236D15008E6550 /* Main.storyboard in Resources */ = {isa = PBXBuildFile; fileRef = C479931622236D15008E6550 /* Main.storyboard */; };
		C479931A22236D16008E6550 /* Assets.xcassets in Resources */ = {isa = PBXBuildFile; fileRef = C479931922236D16008E6550 /* Assets.xcassets */; };
		C479931D22236D16008E6550 /* LaunchScreen.storyboard in Resources */ = {isa = PBXBuildFile; fileRef = C479931B22236D16008E6550 /* LaunchScreen.storyboard */; };
		C479932522243BB8008E6550 /* BibleTableViewController.swift in Sources */ = {isa = PBXBuildFile; fileRef = C479932422243BB8008E6550 /* BibleTableViewController.swift */; };
		C4799328222445FB008E6550 /* Bible.swift in Sources */ = {isa = PBXBuildFile; fileRef = C4799327222445FB008E6550 /* Bible.swift */; };
		C48601892229F3BA008319A9 /* CardView.swift in Sources */ = {isa = PBXBuildFile; fileRef = C48601882229F3BA008319A9 /* CardView.swift */; };
		C4C9CC2F222705130099CD07 /* BibleController.swift in Sources */ = {isa = PBXBuildFile; fileRef = C4C9CC2E222705130099CD07 /* BibleController.swift */; };
/* End PBXBuildFile section */

/* Begin PBXFileReference section */
		C479930F22236D15008E6550 /* Bible!.app */ = {isa = PBXFileReference; explicitFileType = wrapper.application; includeInIndex = 0; path = "Bible!.app"; sourceTree = BUILT_PRODUCTS_DIR; };
		C479931222236D15008E6550 /* AppDelegate.swift */ = {isa = PBXFileReference; lastKnownFileType = sourcecode.swift; path = AppDelegate.swift; sourceTree = "<group>"; };
		C479931422236D15008E6550 /* BibleDetailViewController.swift */ = {isa = PBXFileReference; lastKnownFileType = sourcecode.swift; path = BibleDetailViewController.swift; sourceTree = "<group>"; };
		C479931722236D15008E6550 /* Base */ = {isa = PBXFileReference; lastKnownFileType = file.storyboard; name = Base; path = Base.lproj/Main.storyboard; sourceTree = "<group>"; };
		C479931922236D16008E6550 /* Assets.xcassets */ = {isa = PBXFileReference; lastKnownFileType = folder.assetcatalog; path = Assets.xcassets; sourceTree = "<group>"; };
		C479931C22236D16008E6550 /* Base */ = {isa = PBXFileReference; lastKnownFileType = file.storyboard; name = Base; path = Base.lproj/LaunchScreen.storyboard; sourceTree = "<group>"; };
		C479931E22236D16008E6550 /* Info.plist */ = {isa = PBXFileReference; lastKnownFileType = text.plist.xml; path = Info.plist; sourceTree = "<group>"; };
		C479932422243BB8008E6550 /* BibleTableViewController.swift */ = {isa = PBXFileReference; lastKnownFileType = sourcecode.swift; path = BibleTableViewController.swift; sourceTree = "<group>"; };
		C4799327222445FB008E6550 /* Bible.swift */ = {isa = PBXFileReference; lastKnownFileType = sourcecode.swift; path = Bible.swift; sourceTree = "<group>"; };
		C48601882229F3BA008319A9 /* CardView.swift */ = {isa = PBXFileReference; lastKnownFileType = sourcecode.swift; path = CardView.swift; sourceTree = "<group>"; };
		C4C9CC2E222705130099CD07 /* BibleController.swift */ = {isa = PBXFileReference; lastKnownFileType = sourcecode.swift; path = BibleController.swift; sourceTree = "<group>"; };
/* End PBXFileReference section */

/* Begin PBXFrameworksBuildPhase section */
		C479930C22236D15008E6550 /* Frameworks */ = {
			isa = PBXFrameworksBuildPhase;
			buildActionMask = 2147483647;
			files = (
			);
			runOnlyForDeploymentPostprocessing = 0;
		};
/* End PBXFrameworksBuildPhase section */

/* Begin PBXGroup section */
		C479930622236D15008E6550 = {
			isa = PBXGroup;
			children = (
				C479931122236D15008E6550 /* Bible! */,
				C479931022236D15008E6550 /* Products */,
			);
			sourceTree = "<group>";
		};
		C479931022236D15008E6550 /* Products */ = {
			isa = PBXGroup;
			children = (
				C479930F22236D15008E6550 /* Bible!.app */,
			);
			name = Products;
			sourceTree = "<group>";
		};
		C479931122236D15008E6550 /* Bible! */ = {
			isa = PBXGroup;
			children = (
				C479931222236D15008E6550 /* AppDelegate.swift */,
				C48601872229E3B2008319A9 /* Networking Helper */,
				C48601862229E383008319A9 /* Model */,
				C479932622243BF5008E6550 /* View Controllers */,
				C479931622236D15008E6550 /* Main.storyboard */,
				C479931922236D16008E6550 /* Assets.xcassets */,
				C479931B22236D16008E6550 /* LaunchScreen.storyboard */,
				C479931E22236D16008E6550 /* Info.plist */,
			);
			path = "Bible!";
			sourceTree = "<group>";
		};
		C479932622243BF5008E6550 /* View Controllers */ = {
			isa = PBXGroup;
			children = (
				C479931422236D15008E6550 /* BibleDetailViewController.swift */,
				C48601882229F3BA008319A9 /* CardView.swift */,
				C479932422243BB8008E6550 /* BibleTableViewController.swift */,
			);
			path = "View Controllers";
			sourceTree = "<group>";
		};
		C48601862229E383008319A9 /* Model */ = {
			isa = PBXGroup;
			children = (
				C4799327222445FB008E6550 /* Bible.swift */,
			);
			path = Model;
			sourceTree = "<group>";
		};
		C48601872229E3B2008319A9 /* Networking Helper */ = {
			isa = PBXGroup;
			children = (
				C4C9CC2E222705130099CD07 /* BibleController.swift */,
			);
			path = "Networking Helper";
			sourceTree = "<group>";
		};
/* End PBXGroup section */

/* Begin PBXNativeTarget section */
		C479930E22236D15008E6550 /* Bible! */ = {
			isa = PBXNativeTarget;
			buildConfigurationList = C479932122236D16008E6550 /* Build configuration list for PBXNativeTarget "Bible!" */;
			buildPhases = (
				C479930B22236D15008E6550 /* Sources */,
				C479930C22236D15008E6550 /* Frameworks */,
				C479930D22236D15008E6550 /* Resources */,
			);
			buildRules = (
			);
			dependencies = (
			);
			name = "Bible!";
			productName = "Bible!";
			productReference = C479930F22236D15008E6550 /* Bible!.app */;
			productType = "com.apple.product-type.application";
		};
/* End PBXNativeTarget section */

/* Begin PBXProject section */
		C479930722236D15008E6550 /* Project object */ = {
			isa = PBXProject;
			attributes = {
				LastSwiftUpdateCheck = 1010;
				LastUpgradeCheck = 1010;
				ORGANIZATIONNAME = "Glas Labs";
				TargetAttributes = {
					C479930E22236D15008E6550 = {
						CreatedOnToolsVersion = 10.1;
					};
				};
			};
			buildConfigurationList = C479930A22236D15008E6550 /* Build configuration list for PBXProject "Bible!" */;
			compatibilityVersion = "Xcode 9.3";
			developmentRegion = en;
			hasScannedForEncodings = 0;
			knownRegions = (
				en,
				Base,
			);
			mainGroup = C479930622236D15008E6550;
			productRefGroup = C479931022236D15008E6550 /* Products */;
			projectDirPath = "";
			projectRoot = "";
			targets = (
				C479930E22236D15008E6550 /* Bible! */,
			);
		};
/* End PBXProject section */

/* Begin PBXResourcesBuildPhase section */
		C479930D22236D15008E6550 /* Resources */ = {
			isa = PBXResourcesBuildPhase;
			buildActionMask = 2147483647;
			files = (
				C479931D22236D16008E6550 /* LaunchScreen.storyboard in Resources */,
				C479931A22236D16008E6550 /* Assets.xcassets in Resources */,
				C479931822236D15008E6550 /* Main.storyboard in Resources */,
			);
			runOnlyForDeploymentPostprocessing = 0;
		};
/* End PBXResourcesBuildPhase section */

/* Begin PBXSourcesBuildPhase section */
		C479930B22236D15008E6550 /* Sources */ = {
			isa = PBXSourcesBuildPhase;
			buildActionMask = 2147483647;
			files = (
				C4799328222445FB008E6550 /* Bible.swift in Sources */,
				C479931522236D15008E6550 /* BibleDetailViewController.swift in Sources */,
				C4C9CC2F222705130099CD07 /* BibleController.swift in Sources */,
				C479931322236D15008E6550 /* AppDelegate.swift in Sources */,
				C48601892229F3BA008319A9 /* CardView.swift in Sources */,
				C479932522243BB8008E6550 /* BibleTableViewController.swift in Sources */,
			);
			runOnlyForDeploymentPostprocessing = 0;
		};
/* End PBXSourcesBuildPhase section */

/* Begin PBXVariantGroup section */
		C479931622236D15008E6550 /* Main.storyboard */ = {
			isa = PBXVariantGroup;
			children = (
				C479931722236D15008E6550 /* Base */,
			);
			name = Main.storyboard;
			sourceTree = "<group>";
		};
		C479931B22236D16008E6550 /* LaunchScreen.storyboard */ = {
			isa = PBXVariantGroup;
			children = (
				C479931C22236D16008E6550 /* Base */,
			);
			name = LaunchScreen.storyboard;
			sourceTree = "<group>";
		};
/* End PBXVariantGroup section */

/* Begin XCBuildConfiguration section */
		C479931F22236D16008E6550 /* Debug */ = {
			isa = XCBuildConfiguration;
			buildSettings = {
				ALWAYS_SEARCH_USER_PATHS = NO;
				CLANG_ANALYZER_NONNULL = YES;
				CLANG_ANALYZER_NUMBER_OBJECT_CONVERSION = YES_AGGRESSIVE;
				CLANG_CXX_LANGUAGE_STANDARD = "gnu++14";
				CLANG_CXX_LIBRARY = "libc++";
				CLANG_ENABLE_MODULES = YES;
				CLANG_ENABLE_OBJC_ARC = YES;
				CLANG_ENABLE_OBJC_WEAK = YES;
				CLANG_WARN_BLOCK_CAPTURE_AUTORELEASING = YES;
				CLANG_WARN_BOOL_CONVERSION = YES;
				CLANG_WARN_COMMA = YES;
				CLANG_WARN_CONSTANT_CONVERSION = YES;
				CLANG_WARN_DEPRECATED_OBJC_IMPLEMENTATIONS = YES;
				CLANG_WARN_DIRECT_OBJC_ISA_USAGE = YES_ERROR;
				CLANG_WARN_DOCUMENTATION_COMMENTS = YES;
				CLANG_WARN_EMPTY_BODY = YES;
				CLANG_WARN_ENUM_CONVERSION = YES;
				CLANG_WARN_INFINITE_RECURSION = YES;
				CLANG_WARN_INT_CONVERSION = YES;
				CLANG_WARN_NON_LITERAL_NULL_CONVERSION = YES;
				CLANG_WARN_OBJC_IMPLICIT_RETAIN_SELF = YES;
				CLANG_WARN_OBJC_LITERAL_CONVERSION = YES;
				CLANG_WARN_OBJC_ROOT_CLASS = YES_ERROR;
				CLANG_WARN_RANGE_LOOP_ANALYSIS = YES;
				CLANG_WARN_STRICT_PROTOTYPES = YES;
				CLANG_WARN_SUSPICIOUS_MOVE = YES;
				CLANG_WARN_UNGUARDED_AVAILABILITY = YES_AGGRESSIVE;
				CLANG_WARN_UNREACHABLE_CODE = YES;
				CLANG_WARN__DUPLICATE_METHOD_MATCH = YES;
				CODE_SIGN_IDENTITY = "iPhone Developer";
				COPY_PHASE_STRIP = NO;
				DEBUG_INFORMATION_FORMAT = dwarf;
				ENABLE_STRICT_OBJC_MSGSEND = YES;
				ENABLE_TESTABILITY = YES;
				GCC_C_LANGUAGE_STANDARD = gnu11;
				GCC_DYNAMIC_NO_PIC = NO;
				GCC_NO_COMMON_BLOCKS = YES;
				GCC_OPTIMIZATION_LEVEL = 0;
				GCC_PREPROCESSOR_DEFINITIONS = (
					"DEBUG=1",
					"$(inherited)",
				);
				GCC_WARN_64_TO_32_BIT_CONVERSION = YES;
				GCC_WARN_ABOUT_RETURN_TYPE = YES_ERROR;
				GCC_WARN_UNDECLARED_SELECTOR = YES;
				GCC_WARN_UNINITIALIZED_AUTOS = YES_AGGRESSIVE;
				GCC_WARN_UNUSED_FUNCTION = YES;
				GCC_WARN_UNUSED_VARIABLE = YES;
				IPHONEOS_DEPLOYMENT_TARGET = 12.1;
				MTL_ENABLE_DEBUG_INFO = INCLUDE_SOURCE;
				MTL_FAST_MATH = YES;
				ONLY_ACTIVE_ARCH = YES;
				SDKROOT = iphoneos;
				SWIFT_ACTIVE_COMPILATION_CONDITIONS = DEBUG;
				SWIFT_OPTIMIZATION_LEVEL = "-Onone";
			};
			name = Debug;
		};
		C479932022236D16008E6550 /* Release */ = {
			isa = XCBuildConfiguration;
			buildSettings = {
				ALWAYS_SEARCH_USER_PATHS = NO;
				CLANG_ANALYZER_NONNULL = YES;
				CLANG_ANALYZER_NUMBER_OBJECT_CONVERSION = YES_AGGRESSIVE;
				CLANG_CXX_LANGUAGE_STANDARD = "gnu++14";
				CLANG_CXX_LIBRARY = "libc++";
				CLANG_ENABLE_MODULES = YES;
				CLANG_ENABLE_OBJC_ARC = YES;
				CLANG_ENABLE_OBJC_WEAK = YES;
				CLANG_WARN_BLOCK_CAPTURE_AUTORELEASING = YES;
				CLANG_WARN_BOOL_CONVERSION = YES;
				CLANG_WARN_COMMA = YES;
				CLANG_WARN_CONSTANT_CONVERSION = YES;
				CLANG_WARN_DEPRECATED_OBJC_IMPLEMENTATIONS = YES;
				CLANG_WARN_DIRECT_OBJC_ISA_USAGE = YES_ERROR;
				CLANG_WARN_DOCUMENTATION_COMMENTS = YES;
				CLANG_WARN_EMPTY_BODY = YES;
				CLANG_WARN_ENUM_CONVERSION = YES;
				CLANG_WARN_INFINITE_RECURSION = YES;
				CLANG_WARN_INT_CONVERSION = YES;
				CLANG_WARN_NON_LITERAL_NULL_CONVERSION = YES;
				CLANG_WARN_OBJC_IMPLICIT_RETAIN_SELF = YES;
				CLANG_WARN_OBJC_LITERAL_CONVERSION = YES;
				CLANG_WARN_OBJC_ROOT_CLASS = YES_ERROR;
				CLANG_WARN_RANGE_LOOP_ANALYSIS = YES;
				CLANG_WARN_STRICT_PROTOTYPES = YES;
				CLANG_WARN_SUSPICIOUS_MOVE = YES;
				CLANG_WARN_UNGUARDED_AVAILABILITY = YES_AGGRESSIVE;
				CLANG_WARN_UNREACHABLE_CODE = YES;
				CLANG_WARN__DUPLICATE_METHOD_MATCH = YES;
				CODE_SIGN_IDENTITY = "iPhone Developer";
				COPY_PHASE_STRIP = NO;
				DEBUG_INFORMATION_FORMAT = "dwarf-with-dsym";
				ENABLE_NS_ASSERTIONS = NO;
				ENABLE_STRICT_OBJC_MSGSEND = YES;
				GCC_C_LANGUAGE_STANDARD = gnu11;
				GCC_NO_COMMON_BLOCKS = YES;
				GCC_WARN_64_TO_32_BIT_CONVERSION = YES;
				GCC_WARN_ABOUT_RETURN_TYPE = YES_ERROR;
				GCC_WARN_UNDECLARED_SELECTOR = YES;
				GCC_WARN_UNINITIALIZED_AUTOS = YES_AGGRESSIVE;
				GCC_WARN_UNUSED_FUNCTION = YES;
				GCC_WARN_UNUSED_VARIABLE = YES;
				IPHONEOS_DEPLOYMENT_TARGET = 12.1;
				MTL_ENABLE_DEBUG_INFO = NO;
				MTL_FAST_MATH = YES;
				SDKROOT = iphoneos;
				SWIFT_COMPILATION_MODE = wholemodule;
				SWIFT_OPTIMIZATION_LEVEL = "-O";
				VALIDATE_PRODUCT = YES;
			};
			name = Release;
		};
		C479932222236D16008E6550 /* Debug */ = {
			isa = XCBuildConfiguration;
			buildSettings = {
				ASSETCATALOG_COMPILER_APPICON_NAME = AppIcon;
				CODE_SIGN_STYLE = Automatic;
				DEVELOPMENT_TEAM = VL892F87QQ;
				INFOPLIST_FILE = "Bible!/Info.plist";
				LD_RUNPATH_SEARCH_PATHS = (
					"$(inherited)",
					"@executable_path/Frameworks",
				);
				PRODUCT_BUNDLE_IDENTIFIER = "com.glaslabs.Bible-";
				PRODUCT_NAME = "$(TARGET_NAME)";
				SWIFT_VERSION = 4.2;
				TARGETED_DEVICE_FAMILY = "1,2";
			};
			name = Debug;
		};
		C479932322236D16008E6550 /* Release */ = {
			isa = XCBuildConfiguration;
			buildSettings = {
				ASSETCATALOG_COMPILER_APPICON_NAME = AppIcon;
				CODE_SIGN_STYLE = Automatic;
				DEVELOPMENT_TEAM = VL892F87QQ;
				INFOPLIST_FILE = "Bible!/Info.plist";
				LD_RUNPATH_SEARCH_PATHS = (
					"$(inherited)",
					"@executable_path/Frameworks",
				);
				PRODUCT_BUNDLE_IDENTIFIER = "com.glaslabs.Bible-";
				PRODUCT_NAME = "$(TARGET_NAME)";
				SWIFT_VERSION = 4.2;
				TARGETED_DEVICE_FAMILY = "1,2";
			};
			name = Release;
		};
/* End XCBuildConfiguration section */

/* Begin XCConfigurationList section */
		C479930A22236D15008E6550 /* Build configuration list for PBXProject "Bible!" */ = {
			isa = XCConfigurationList;
			buildConfigurations = (
				C479931F22236D16008E6550 /* Debug */,
				C479932022236D16008E6550 /* Release */,
			);
			defaultConfigurationIsVisible = 0;
			defaultConfigurationName = Release;
		};
		C479932122236D16008E6550 /* Build configuration list for PBXNativeTarget "Bible!" */ = {
			isa = XCConfigurationList;
			buildConfigurations = (
				C479932222236D16008E6550 /* Debug */,
				C479932322236D16008E6550 /* Release */,
			);
			defaultConfigurationIsVisible = 0;
			defaultConfigurationName = Release;
		};
/* End XCConfigurationList section */
	};
	rootObject = C479930722236D15008E6550 /* Project object */;
}
